
Microsoft Visual Studio Solution File, Format Version 12.00
# Visual Studio Version 17
VisualStudioVersion = 17.11.35327.3
MinimumVisualStudioVersion = 10.0.40219.1
Project("{FAE04EC0-301F-11D3-BF4B-00C04F79EFBC}") = "SkyMirror", "SkyMirror\SkyMirror.csproj", "{79B49823-37B9-4CAA-A2D7-CCF0642EB7DF}"
EndProject
Global
	GlobalSection(SolutionConfigurationPlatforms) = preSolution
		Debug|Any CPU = Debug|Any CPU
		Release|Any CPU = Release|Any CPU
	EndGlobalSection
	GlobalSection(ProjectConfigurationPlatforms) = postSolution
		{79B49823-37B9-4CAA-A2D7-CCF0642EB7DF}.Debug|Any CPU.ActiveCfg = Debug|Any CPU
		{79B49823-37B9-4CAA-A2D7-CCF0642EB7DF}.Debug|Any CPU.Build.0 = Debug|Any CPU
		{79B49823-37B9-4CAA-A2D7-CCF0642EB7DF}.Release|Any CPU.ActiveCfg = Release|Any CPU
		{79B49823-37B9-4CAA-A2D7-CCF0642EB7DF}.Release|Any CPU.Build.0 = Release|Any CPU
	EndGlobalSection
	GlobalSection(SolutionProperties) = preSolution
		HideSolutionNode = FALSE
	EndGlobalSection
	GlobalSection(ExtensibilityGlobals) = postSolution
		SolutionGuid = {05C0CBEF-29B4-47C6-8977-76520D4394F8}
	EndGlobalSection
EndGlobal
